
Microsoft Visual Studio Solution File, Format Version 12.00
# Visual Studio Version 16
VisualStudioVersion = 16.0.31129.286
MinimumVisualStudioVersion = 10.0.40219.1
Project("{FAE04EC0-301F-11D3-BF4B-00C04F79EFBC}") = "yellow-pages", "yellow-pages.csproj", "{2CE967C3-A94E-4C9A-A1DA-168534DF4FFD}"
EndProject
Global
	GlobalSection(SolutionConfigurationPlatforms) = preSolution
		Debug|Any CPU = Debug|Any CPU
		Release|Any CPU = Release|Any CPU
	EndGlobalSection
	GlobalSection(ProjectConfigurationPlatforms) = postSolution
		{2CE967C3-A94E-4C9A-A1DA-168534DF4FFD}.Debug|Any CPU.ActiveCfg = Debug|Any CPU
		{2CE967C3-A94E-4C9A-A1DA-168534DF4FFD}.Debug|Any CPU.Build.0 = Debug|Any CPU
		{2CE967C3-A94E-4C9A-A1DA-168534DF4FFD}.Release|Any CPU.ActiveCfg = Release|Any CPU
		{2CE967C3-A94E-4C9A-A1DA-168534DF4FFD}.Release|Any CPU.Build.0 = Release|Any CPU
	EndGlobalSection
	GlobalSection(SolutionProperties) = preSolution
		HideSolutionNode = FALSE
	EndGlobalSection
	GlobalSection(ExtensibilityGlobals) = postSolution
		SolutionGuid = {E0646B70-E859-4ED5-AF6F-27E99E197CB9}
	EndGlobalSection
EndGlobal
